
Microsoft Visual Studio Solution File, Format Version 12.00
# Visual Studio Version 16
VisualStudioVersion = 16.0.30517.126
MinimumVisualStudioVersion = 10.0.40219.1
Project("{FAE04EC0-301F-11D3-BF4B-00C04F79EFBC}") = "EmployeePortal", "EmployeePortal\EmployeePortal.csproj", "{9643310C-ECAD-4C7C-8FCE-7934E3651842}"
EndProject
Global
	GlobalSection(SolutionConfigurationPlatforms) = preSolution
		Debug|Any CPU = Debug|Any CPU
		Release|Any CPU = Release|Any CPU
	EndGlobalSection
	GlobalSection(ProjectConfigurationPlatforms) = postSolution
		{9643310C-ECAD-4C7C-8FCE-7934E3651842}.Debug|Any CPU.ActiveCfg = Debug|Any CPU
		{9643310C-ECAD-4C7C-8FCE-7934E3651842}.Debug|Any CPU.Build.0 = Debug|Any CPU
		{9643310C-ECAD-4C7C-8FCE-7934E3651842}.Release|Any CPU.ActiveCfg = Release|Any CPU
		{9643310C-ECAD-4C7C-8FCE-7934E3651842}.Release|Any CPU.Build.0 = Release|Any CPU
	EndGlobalSection
	GlobalSection(SolutionProperties) = preSolution
		HideSolutionNode = FALSE
	EndGlobalSection
	GlobalSection(ExtensibilityGlobals) = postSolution
		SolutionGuid = {E3B201B4-20FB-48FD-8228-F7669BB5540F}
	EndGlobalSection
EndGlobal
